
Microsoft Visual Studio Solution File, Format Version 12.00
# Visual Studio 14
VisualStudioVersion = 14.0.25420.1
MinimumVisualStudioVersion = 10.0.40219.1
Project("{FAE04EC0-301F-11D3-BF4B-00C04F79EFBC}") = "SqlHelp", "SqlHelp\SqlHelp.csproj", "{DDBB9DE9-E229-407D-8EE9-F48E4852059C}"
EndProject
Project("{FAE04EC0-301F-11D3-BF4B-00C04F79EFBC}") = "Test", "Test\Test.csproj", "{1513F91F-BEEA-4246-8B81-B545E56056A9}"
EndProject
Global
	GlobalSection(SolutionConfigurationPlatforms) = preSolution
		Debug|Any CPU = Debug|Any CPU
		Release|Any CPU = Release|Any CPU
	EndGlobalSection
	GlobalSection(ProjectConfigurationPlatforms) = postSolution
		{DDBB9DE9-E229-407D-8EE9-F48E4852059C}.Debug|Any CPU.ActiveCfg = Debug|Any CPU
		{DDBB9DE9-E229-407D-8EE9-F48E4852059C}.Debug|Any CPU.Build.0 = Debug|Any CPU
		{DDBB9DE9-E229-407D-8EE9-F48E4852059C}.Release|Any CPU.ActiveCfg = Release|Any CPU
		{DDBB9DE9-E229-407D-8EE9-F48E4852059C}.Release|Any CPU.Build.0 = Release|Any CPU
		{1513F91F-BEEA-4246-8B81-B545E56056A9}.Debug|Any CPU.ActiveCfg = Debug|Any CPU
		{1513F91F-BEEA-4246-8B81-B545E56056A9}.Debug|Any CPU.Build.0 = Debug|Any CPU
		{1513F91F-BEEA-4246-8B81-B545E56056A9}.Release|Any CPU.ActiveCfg = Release|Any CPU
		{1513F91F-BEEA-4246-8B81-B545E56056A9}.Release|Any CPU.Build.0 = Release|Any CPU
	EndGlobalSection
	GlobalSection(SolutionProperties) = preSolution
		HideSolutionNode = FALSE
	EndGlobalSection
EndGlobal
